// !$*UTF8*$!
{
	archiveVersion = 1;
	classes = {
	};
	objectVersion = 46;
	objects = {

/* Begin PBXBuildFile section */
		81561DB41C00CB3B009D4AD2 /* AppDelegate.swift in Sources */ = {isa = PBXBuildFile; fileRef = 81561DB31C00CB3B009D4AD2 /* AppDelegate.swift */; };
		81561DB61C00CB3B009D4AD2 /* RecordSoundsViewController.swift in Sources */ = {isa = PBXBuildFile; fileRef = 81561DB51C00CB3B009D4AD2 /* RecordSoundsViewController.swift */; };
		81561DB91C00CB3B009D4AD2 /* Main.storyboard in Resources */ = {isa = PBXBuildFile; fileRef = 81561DB71C00CB3B009D4AD2 /* Main.storyboard */; };
		81561DBB1C00CB3B009D4AD2 /* Assets.xcassets in Resources */ = {isa = PBXBuildFile; fileRef = 81561DBA1C00CB3B009D4AD2 /* Assets.xcassets */; };
		81561DBE1C00CB3B009D4AD2 /* LaunchScreen.storyboard in Resources */ = {isa = PBXBuildFile; fileRef = 81561DBC1C00CB3B009D4AD2 /* LaunchScreen.storyboard */; };
		81FB475F1C01295200705324 /* PlaySoundsViewController.swift in Sources */ = {isa = PBXBuildFile; fileRef = 81FB475E1C01295200705324 /* PlaySoundsViewController.swift */; };
		81FB47611C012D3500705324 /* movie_quote.mp3 in Resources */ = {isa = PBXBuildFile; fileRef = 81FB47601C012D3500705324 /* movie_quote.mp3 */; };
		81FB47641C0140C100705324 /* RecordedAudio.swift in Sources */ = {isa = PBXBuildFile; fileRef = 81FB47631C0140C100705324 /* RecordedAudio.swift */; };
/* End PBXBuildFile section */

/* Begin PBXFileReference section */
		81561DB01C00CB3B009D4AD2 /* Pitch Perfect.app */ = {isa = PBXFileReference; explicitFileType = wrapper.application; includeInIndex = 0; path = "Pitch Perfect.app"; sourceTree = BUILT_PRODUCTS_DIR; };
		81561DB31C00CB3B009D4AD2 /* AppDelegate.swift */ = {isa = PBXFileReference; lastKnownFileType = sourcecode.swift; path = AppDelegate.swift; sourceTree = "<group>"; };
		81561DB51C00CB3B009D4AD2 /* RecordSoundsViewController.swift */ = {isa = PBXFileReference; lastKnownFileType = sourcecode.swift; path = RecordSoundsViewController.swift; sourceTree = "<group>"; };
		81561DB81C00CB3B009D4AD2 /* Base */ = {isa = PBXFileReference; lastKnownFileType = file.storyboard; name = Base; path = Base.lproj/Main.storyboard; sourceTree = "<group>"; };
		81561DBA1C00CB3B009D4AD2 /* Assets.xcassets */ = {isa = PBXFileReference; lastKnownFileType = folder.assetcatalog; path = Assets.xcassets; sourceTree = "<group>"; };
		81561DBD1C00CB3B009D4AD2 /* Base */ = {isa = PBXFileReference; lastKnownFileType = file.storyboard; name = Base; path = Base.lproj/LaunchScreen.storyboard; sourceTree = "<group>"; };
		81561DBF1C00CB3B009D4AD2 /* Info.plist */ = {isa = PBXFileReference; lastKnownFileType = text.plist.xml; path = Info.plist; sourceTree = "<group>"; };
		81FB475E1C01295200705324 /* PlaySoundsViewController.swift */ = {isa = PBXFileReference; fileEncoding = 4; lastKnownFileType = sourcecode.swift; path = PlaySoundsViewController.swift; sourceTree = "<group>"; };
		81FB47601C012D3500705324 /* movie_quote.mp3 */ = {isa = PBXFileReference; lastKnownFileType = audio.mp3; path = movie_quote.mp3; sourceTree = "<group>"; };
		81FB47631C0140C100705324 /* RecordedAudio.swift */ = {isa = PBXFileReference; fileEncoding = 4; lastKnownFileType = sourcecode.swift; path = RecordedAudio.swift; sourceTree = "<group>"; };
/* End PBXFileReference section */

/* Begin PBXFrameworksBuildPhase section */
		81561DAD1C00CB3B009D4AD2 /* Frameworks */ = {
			isa = PBXFrameworksBuildPhase;
			buildActionMask = 2147483647;
			files = (
			);
			runOnlyForDeploymentPostprocessing = 0;
		};
/* End PBXFrameworksBuildPhase section */

/* Begin PBXGroup section */
		81561DA71C00CB3B009D4AD2 = {
			isa = PBXGroup;
			children = (
				81561DB21C00CB3B009D4AD2 /* Pitch Perfect */,
				81561DB11C00CB3B009D4AD2 /* Products */,
			);
			sourceTree = "<group>";
		};
		81561DB11C00CB3B009D4AD2 /* Products */ = {
			isa = PBXGroup;
			children = (
				81561DB01C00CB3B009D4AD2 /* Pitch Perfect.app */,
			);
			name = Products;
			sourceTree = "<group>";
		};
		81561DB21C00CB3B009D4AD2 /* Pitch Perfect */ = {
			isa = PBXGroup;
			children = (
				81FB47621C012D5700705324 /* Supporting Files */,
				81561DB31C00CB3B009D4AD2 /* AppDelegate.swift */,
				81561DB51C00CB3B009D4AD2 /* RecordSoundsViewController.swift */,
				81FB475E1C01295200705324 /* PlaySoundsViewController.swift */,
				81561DB71C00CB3B009D4AD2 /* Main.storyboard */,
				81561DBA1C00CB3B009D4AD2 /* Assets.xcassets */,
				81561DBC1C00CB3B009D4AD2 /* LaunchScreen.storyboard */,
				81561DBF1C00CB3B009D4AD2 /* Info.plist */,
				81FB47631C0140C100705324 /* RecordedAudio.swift */,
			);
			path = "Pitch Perfect";
			sourceTree = "<group>";
		};
		81FB47621C012D5700705324 /* Supporting Files */ = {
			isa = PBXGroup;
			children = (
				81FB47601C012D3500705324 /* movie_quote.mp3 */,
			);
			path = "Supporting Files";
			sourceTree = "<group>";
		};
/* End PBXGroup section */

/* Begin PBXNativeTarget section */
		81561DAF1C00CB3B009D4AD2 /* Pitch Perfect */ = {
			isa = PBXNativeTarget;
			buildConfigurationList = 81561DC21C00CB3B009D4AD2 /* Build configuration list for PBXNativeTarget "Pitch Perfect" */;
			buildPhases = (
				81561DAC1C00CB3B009D4AD2 /* Sources */,
				81561DAD1C00CB3B009D4AD2 /* Frameworks */,
				81561DAE1C00CB3B009D4AD2 /* Resources */,
			);
			buildRules = (
			);
			dependencies = (
			);
			name = "Pitch Perfect";
			productName = "Pitch Perfect";
			productReference = 81561DB01C00CB3B009D4AD2 /* Pitch Perfect.app */;
			productType = "com.apple.product-type.application";
		};
/* End PBXNativeTarget section */

/* Begin PBXProject section */
		81561DA81C00CB3B009D4AD2 /* Project object */ = {
			isa = PBXProject;
			attributes = {
				LastSwiftUpdateCheck = 0710;
				LastUpgradeCheck = 0710;
				ORGANIZATIONNAME = "Leslie Kim";
				TargetAttributes = {
					81561DAF1C00CB3B009D4AD2 = {
						CreatedOnToolsVersion = 7.1.1;
						DevelopmentTeam = 4EYTWSQE79;
					};
				};
			};
			buildConfigurationList = 81561DAB1C00CB3B009D4AD2 /* Build configuration list for PBXProject "Pitch Perfect" */;
			compatibilityVersion = "Xcode 3.2";
			developmentRegion = English;
			hasScannedForEncodings = 0;
			knownRegions = (
				en,
				Base,
			);
			mainGroup = 81561DA71C00CB3B009D4AD2;
			productRefGroup = 81561DB11C00CB3B009D4AD2 /* Products */;
			projectDirPath = "";
			projectRoot = "";
			targets = (
				81561DAF1C00CB3B009D4AD2 /* Pitch Perfect */,
			);
		};
/* End PBXProject section */

/* Begin PBXResourcesBuildPhase section */
		81561DAE1C00CB3B009D4AD2 /* Resources */ = {
			isa = PBXResourcesBuildPhase;
			buildActionMask = 2147483647;
			files = (
				81561DBE1C00CB3B009D4AD2 /* LaunchScreen.storyboard in Resources */,
				81561DBB1C00CB3B009D4AD2 /* Assets.xcassets in Resources */,
				81FB47611C012D3500705324 /* movie_quote.mp3 in Resources */,
				81561DB91C00CB3B009D4AD2 /* Main.storyboard in Resources */,
			);
			runOnlyForDeploymentPostprocessing = 0;
		};
/* End PBXResourcesBuildPhase section */

/* Begin PBXSourcesBuildPhase section */
		81561DAC1C00CB3B009D4AD2 /* Sources */ = {
			isa = PBXSourcesBuildPhase;
			buildActionMask = 2147483647;
			files = (
				81FB47641C0140C100705324 /* RecordedAudio.swift in Sources */,
				81561DB61C00CB3B009D4AD2 /* RecordSoundsViewController.swift in Sources */,
				81FB475F1C01295200705324 /* PlaySoundsViewController.swift in Sources */,
				81561DB41C00CB3B009D4AD2 /* AppDelegate.swift in Sources */,
			);
			runOnlyForDeploymentPostprocessing = 0;
		};
/* End PBXSourcesBuildPhase section */

/* Begin PBXVariantGroup section */
		81561DB71C00CB3B009D4AD2 /* Main.storyboard */ = {
			isa = PBXVariantGroup;
			children = (
				81561DB81C00CB3B009D4AD2 /* Base */,
			);
			name = Main.storyboard;
			sourceTree = "<group>";
		};
		81561DBC1C00CB3B009D4AD2 /* LaunchScreen.storyboard */ = {
			isa = PBXVariantGroup;
			children = (
				81561DBD1C00CB3B009D4AD2 /* Base */,
			);
			name = LaunchScreen.storyboard;
			sourceTree = "<group>";
		};
/* End PBXVariantGroup section */

/* Begin XCBuildConfiguration section */
		81561DC01C00CB3B009D4AD2 /* Debug */ = {
			isa = XCBuildConfiguration;
			buildSettings = {
				ALWAYS_SEARCH_USER_PATHS = NO;
				CLANG_CXX_LANGUAGE_STANDARD = "gnu++0x";
				CLANG_CXX_LIBRARY = "libc++";
				CLANG_ENABLE_MODULES = YES;
				CLANG_ENABLE_OBJC_ARC = YES;
				CLANG_WARN_BOOL_CONVERSION = YES;
				CLANG_WARN_CONSTANT_CONVERSION = YES;
				CLANG_WARN_DIRECT_OBJC_ISA_USAGE = YES_ERROR;
				CLANG_WARN_EMPTY_BODY = YES;
				CLANG_WARN_ENUM_CONVERSION = YES;
				CLANG_WARN_INT_CONVERSION = YES;
				CLANG_WARN_OBJC_ROOT_CLASS = YES_ERROR;
				CLANG_WARN_UNREACHABLE_CODE = YES;
				CLANG_WARN__DUPLICATE_METHOD_MATCH = YES;
				"CODE_SIGN_IDENTITY[sdk=iphoneos*]" = "iPhone Developer";
				COPY_PHASE_STRIP = NO;
				DEBUG_INFORMATION_FORMAT = dwarf;
				ENABLE_STRICT_OBJC_MSGSEND = YES;
				ENABLE_TESTABILITY = YES;
				GCC_C_LANGUAGE_STANDARD = gnu99;
				GCC_DYNAMIC_NO_PIC = NO;
				GCC_NO_COMMON_BLOCKS = YES;
				GCC_OPTIMIZATION_LEVEL = 0;
				GCC_PREPROCESSOR_DEFINITIONS = (
					"DEBUG=1",
					"$(inherited)",
				);
				GCC_WARN_64_TO_32_BIT_CONVERSION = YES;
				GCC_WARN_ABOUT_RETURN_TYPE = YES_ERROR;
				GCC_WARN_UNDECLARED_SELECTOR = YES;
				GCC_WARN_UNINITIALIZED_AUTOS = YES_AGGRESSIVE;
				GCC_WARN_UNUSED_FUNCTION = YES;
				GCC_WARN_UNUSED_VARIABLE = YES;
				IPHONEOS_DEPLOYMENT_TARGET = 9.1;
				MTL_ENABLE_DEBUG_INFO = YES;
				ONLY_ACTIVE_ARCH = YES;
				SDKROOT = iphoneos;
				SWIFT_OPTIMIZATION_LEVEL = "-Onone";
				TARGETED_DEVICE_FAMILY = "1,2";
			};
			name = Debug;
		};
		81561DC11C00CB3B009D4AD2 /* Release */ = {
			isa = XCBuildConfiguration;
			buildSettings = {
				ALWAYS_SEARCH_USER_PATHS = NO;
				CLANG_CXX_LANGUAGE_STANDARD = "gnu++0x";
				CLANG_CXX_LIBRARY = "libc++";
				CLANG_ENABLE_MODULES = YES;
				CLANG_ENABLE_OBJC_ARC = YES;
				CLANG_WARN_BOOL_CONVERSION = YES;
				CLANG_WARN_CONSTANT_CONVERSION = YES;
				CLANG_WARN_DIRECT_OBJC_ISA_USAGE = YES_ERROR;
				CLANG_WARN_EMPTY_BODY = YES;
				CLANG_WARN_ENUM_CONVERSION = YES;
				CLANG_WARN_INT_CONVERSION = YES;
				CLANG_WARN_OBJC_ROOT_CLASS = YES_ERROR;
				CLANG_WARN_UNREACHABLE_CODE = YES;
				CLANG_WARN__DUPLICATE_METHOD_MATCH = YES;
				"CODE_SIGN_IDENTITY[sdk=iphoneos*]" = "iPhone Developer";
				COPY_PHASE_STRIP = NO;
				DEBUG_INFORMATION_FORMAT = "dwarf-with-dsym";
				ENABLE_NS_ASSERTIONS = NO;
				ENABLE_STRICT_OBJC_MSGSEND = YES;
				GCC_C_LANGUAGE_STANDARD = gnu99;
				GCC_NO_COMMON_BLOCKS = YES;
				GCC_WARN_64_TO_32_BIT_CONVERSION = YES;
				GCC_WARN_ABOUT_RETURN_TYPE = YES_ERROR;
				GCC_WARN_UNDECLARED_SELECTOR = YES;
				GCC_WARN_UNINITIALIZED_AUTOS = YES_AGGRESSIVE;
				GCC_WARN_UNUSED_FUNCTION = YES;
				GCC_WARN_UNUSED_VARIABLE = YES;
				IPHONEOS_DEPLOYMENT_TARGET = 9.1;
				MTL_ENABLE_DEBUG_INFO = NO;
				SDKROOT = iphoneos;
				TARGETED_DEVICE_FAMILY = "1,2";
				VALIDATE_PRODUCT = YES;
			};
			name = Release;
		};
		81561DC31C00CB3B009D4AD2 /* Debug */ = {
			isa = XCBuildConfiguration;
			buildSettings = {
				ASSETCATALOG_COMPILER_APPICON_NAME = AppIcon;
				INFOPLIST_FILE = "Pitch Perfect/Info.plist";
				LD_RUNPATH_SEARCH_PATHS = "$(inherited) @executable_path/Frameworks";
				PRODUCT_BUNDLE_IDENTIFIER = "com.lesliekimm.Pitch-Perfect";
				PRODUCT_NAME = "$(TARGET_NAME)";
			};
			name = Debug;
		};
		81561DC41C00CB3B009D4AD2 /* Release */ = {
			isa = XCBuildConfiguration;
			buildSettings = {
				ASSETCATALOG_COMPILER_APPICON_NAME = AppIcon;
				INFOPLIST_FILE = "Pitch Perfect/Info.plist";
				LD_RUNPATH_SEARCH_PATHS = "$(inherited) @executable_path/Frameworks";
				PRODUCT_BUNDLE_IDENTIFIER = "com.lesliekimm.Pitch-Perfect";
				PRODUCT_NAME = "$(TARGET_NAME)";
			};
			name = Release;
		};
/* End XCBuildConfiguration section */

/* Begin XCConfigurationList section */
		81561DAB1C00CB3B009D4AD2 /* Build configuration list for PBXProject "Pitch Perfect" */ = {
			isa = XCConfigurationList;
			buildConfigurations = (
				81561DC01C00CB3B009D4AD2 /* Debug */,
				81561DC11C00CB3B009D4AD2 /* Release */,
			);
			defaultConfigurationIsVisible = 0;
			defaultConfigurationName = Release;
		};
		81561DC21C00CB3B009D4AD2 /* Build configuration list for PBXNativeTarget "Pitch Perfect" */ = {
			isa = XCConfigurationList;
			buildConfigurations = (
				81561DC31C00CB3B009D4AD2 /* Debug */,
				81561DC41C00CB3B009D4AD2 /* Release */,
			);
			defaultConfigurationIsVisible = 0;
			defaultConfigurationName = Release;
		};
/* End XCConfigurationList section */
	};
	rootObject = 81561DA81C00CB3B009D4AD2 /* Project object */;
}
